<?xml version="1.0" encoding="utf-8"?>
<Project ToolsVersion="4.0" xmlns="http://schemas.microsoft.com/developer/msbuild/2003">
  <ItemGroup>
    <ClCompile Include="intel_driver.cpp" />
    <ClCompile Include="kdmapper.cpp" />
    <ClCompile Include="main.cpp" />
    <ClCompile Include="portable_executable.cpp" />
    <ClCompile Include="service.cpp" />
    <ClCompile Include="utils.cpp" />
  </ItemGroup>
  <ItemGroup>
    <ClInclude Include="utils.hpp" />
    <ClInclude Include="intel_driver.hpp" />
    <ClInclude Include="intel_driver_resource.hpp" />
    <ClInclude Include="kdmapper.hpp" />
    <ClInclude Include="nt.hpp" />
    <ClInclude Include="portable_executable.hpp" />
    <ClInclude Include="service.hpp" />
  </ItemGroup>
</Project>